
Microsoft Visual Studio Solution File, Format Version 12.00
# Visual Studio Version 17
VisualStudioVersion = 17.5.33516.290
MinimumVisualStudioVersion = 10.0.40219.1
Project("{FAE04EC0-301F-11D3-BF4B-00C04F79EFBC}") = "TempProject.API", "TempProject.API\TempProject.API.csproj", "{18897509-E197-4EDA-840A-75E4E1BCC053}"
EndProject
Project("{FAE04EC0-301F-11D3-BF4B-00C04F79EFBC}") = "TempProject.UnitTests", "TempProject.UnitTests\TempProject.UnitTests.csproj", "{EB29D76A-C7B6-447C-A68C-52BE5B082780}"
EndProject
Global
	GlobalSection(SolutionConfigurationPlatforms) = preSolution
		Debug|Any CPU = Debug|Any CPU
		Release|Any CPU = Release|Any CPU
	EndGlobalSection
	GlobalSection(ProjectConfigurationPlatforms) = postSolution
		{18897509-E197-4EDA-840A-75E4E1BCC053}.Debug|Any CPU.ActiveCfg = Debug|Any CPU
		{18897509-E197-4EDA-840A-75E4E1BCC053}.Debug|Any CPU.Build.0 = Debug|Any CPU
		{18897509-E197-4EDA-840A-75E4E1BCC053}.Release|Any CPU.ActiveCfg = Release|Any CPU
		{18897509-E197-4EDA-840A-75E4E1BCC053}.Release|Any CPU.Build.0 = Release|Any CPU
		{EB29D76A-C7B6-447C-A68C-52BE5B082780}.Debug|Any CPU.ActiveCfg = Debug|Any CPU
		{EB29D76A-C7B6-447C-A68C-52BE5B082780}.Debug|Any CPU.Build.0 = Debug|Any CPU
		{EB29D76A-C7B6-447C-A68C-52BE5B082780}.Release|Any CPU.ActiveCfg = Release|Any CPU
		{EB29D76A-C7B6-447C-A68C-52BE5B082780}.Release|Any CPU.Build.0 = Release|Any CPU
	EndGlobalSection
	GlobalSection(SolutionProperties) = preSolution
		HideSolutionNode = FALSE
	EndGlobalSection
	GlobalSection(ExtensibilityGlobals) = postSolution
		SolutionGuid = {9BC50E4D-E888-47D3-A68B-EB32560DD49F}
	EndGlobalSection
EndGlobal
